
Microsoft Visual Studio Solution File, Format Version 12.00
# Visual Studio 14
VisualStudioVersion = 14.0.25420.1
MinimumVisualStudioVersion = 10.0.40219.1
Project("{FAE04EC0-301F-11D3-BF4B-00C04F79EFBC}") = "SnapshotManagerGui", "SnapshotManagerGui\SnapshotManagerGui.csproj", "{6A5FF639-9D35-43ED-8E44-1155D034DA30}"
EndProject
Project("{FAE04EC0-301F-11D3-BF4B-00C04F79EFBC}") = "SnapshotManager", "SnapshotManager\SnapshotManager.csproj", "{0B69E9AF-F0D5-49C5-827A-E665193952F9}"
EndProject
Project("{FAE04EC0-301F-11D3-BF4B-00C04F79EFBC}") = "DbServerPlugin", "DbServerPlugin\DbServerPlugin.csproj", "{CC6ECDF3-96C6-4CC1-960B-68AF01D1CA52}"
EndProject
Project("{FAE04EC0-301F-11D3-BF4B-00C04F79EFBC}") = "DbServerPluginMsSql2014", "DbServerPluginMsSql2014\DbServerPluginMsSql2014.csproj", "{31D36FCA-ED36-4D4D-A4B4-D5D23C26FDE6}"
EndProject
Project("{FAE04EC0-301F-11D3-BF4B-00C04F79EFBC}") = "Base", "Base\Base.csproj", "{2C4E79C9-36AB-44B1-87FE-F54369C1A64F}"
EndProject
Global
	GlobalSection(SolutionConfigurationPlatforms) = preSolution
		Debug|Any CPU = Debug|Any CPU
		Release|Any CPU = Release|Any CPU
	EndGlobalSection
	GlobalSection(ProjectConfigurationPlatforms) = postSolution
		{6A5FF639-9D35-43ED-8E44-1155D034DA30}.Debug|Any CPU.ActiveCfg = Debug|Any CPU
		{6A5FF639-9D35-43ED-8E44-1155D034DA30}.Debug|Any CPU.Build.0 = Debug|Any CPU
		{6A5FF639-9D35-43ED-8E44-1155D034DA30}.Release|Any CPU.ActiveCfg = Release|Any CPU
		{6A5FF639-9D35-43ED-8E44-1155D034DA30}.Release|Any CPU.Build.0 = Release|Any CPU
		{0B69E9AF-F0D5-49C5-827A-E665193952F9}.Debug|Any CPU.ActiveCfg = Debug|Any CPU
		{0B69E9AF-F0D5-49C5-827A-E665193952F9}.Debug|Any CPU.Build.0 = Debug|Any CPU
		{0B69E9AF-F0D5-49C5-827A-E665193952F9}.Release|Any CPU.ActiveCfg = Release|Any CPU
		{0B69E9AF-F0D5-49C5-827A-E665193952F9}.Release|Any CPU.Build.0 = Release|Any CPU
		{CC6ECDF3-96C6-4CC1-960B-68AF01D1CA52}.Debug|Any CPU.ActiveCfg = Debug|Any CPU
		{CC6ECDF3-96C6-4CC1-960B-68AF01D1CA52}.Debug|Any CPU.Build.0 = Debug|Any CPU
		{CC6ECDF3-96C6-4CC1-960B-68AF01D1CA52}.Release|Any CPU.ActiveCfg = Release|Any CPU
		{CC6ECDF3-96C6-4CC1-960B-68AF01D1CA52}.Release|Any CPU.Build.0 = Release|Any CPU
		{31D36FCA-ED36-4D4D-A4B4-D5D23C26FDE6}.Debug|Any CPU.ActiveCfg = Debug|Any CPU
		{31D36FCA-ED36-4D4D-A4B4-D5D23C26FDE6}.Debug|Any CPU.Build.0 = Debug|Any CPU
		{31D36FCA-ED36-4D4D-A4B4-D5D23C26FDE6}.Release|Any CPU.ActiveCfg = Release|Any CPU
		{31D36FCA-ED36-4D4D-A4B4-D5D23C26FDE6}.Release|Any CPU.Build.0 = Release|Any CPU
		{2C4E79C9-36AB-44B1-87FE-F54369C1A64F}.Debug|Any CPU.ActiveCfg = Debug|Any CPU
		{2C4E79C9-36AB-44B1-87FE-F54369C1A64F}.Debug|Any CPU.Build.0 = Debug|Any CPU
		{2C4E79C9-36AB-44B1-87FE-F54369C1A64F}.Release|Any CPU.ActiveCfg = Release|Any CPU
		{2C4E79C9-36AB-44B1-87FE-F54369C1A64F}.Release|Any CPU.Build.0 = Release|Any CPU
	EndGlobalSection
	GlobalSection(SolutionProperties) = preSolution
		HideSolutionNode = FALSE
	EndGlobalSection
EndGlobal
